
Microsoft Visual Studio Solution File, Format Version 12.00
# Visual Studio Version 16
VisualStudioVersion = 16.0.31624.102
MinimumVisualStudioVersion = 10.0.40219.1
Project("{FAE04EC0-301F-11D3-BF4B-00C04F79EFBC}") = "Kata-ISBN", "Kata-ISBN\Kata-ISBN.csproj", "{4642DF78-CC03-4903-B8FB-D441E62AD8AF}"
EndProject
Project("{FAE04EC0-301F-11D3-BF4B-00C04F79EFBC}") = "Kata-code", "Kata-code\Kata-code.csproj", "{42910E1C-E0CD-40D2-A039-316E84239614}"
EndProject
Global
	GlobalSection(SolutionConfigurationPlatforms) = preSolution
		Debug|Any CPU = Debug|Any CPU
		Release|Any CPU = Release|Any CPU
	EndGlobalSection
	GlobalSection(ProjectConfigurationPlatforms) = postSolution
		{4642DF78-CC03-4903-B8FB-D441E62AD8AF}.Debug|Any CPU.ActiveCfg = Debug|Any CPU
		{4642DF78-CC03-4903-B8FB-D441E62AD8AF}.Debug|Any CPU.Build.0 = Debug|Any CPU
		{4642DF78-CC03-4903-B8FB-D441E62AD8AF}.Release|Any CPU.ActiveCfg = Release|Any CPU
		{4642DF78-CC03-4903-B8FB-D441E62AD8AF}.Release|Any CPU.Build.0 = Release|Any CPU
		{42910E1C-E0CD-40D2-A039-316E84239614}.Debug|Any CPU.ActiveCfg = Debug|Any CPU
		{42910E1C-E0CD-40D2-A039-316E84239614}.Debug|Any CPU.Build.0 = Debug|Any CPU
		{42910E1C-E0CD-40D2-A039-316E84239614}.Release|Any CPU.ActiveCfg = Release|Any CPU
		{42910E1C-E0CD-40D2-A039-316E84239614}.Release|Any CPU.Build.0 = Release|Any CPU
	EndGlobalSection
	GlobalSection(SolutionProperties) = preSolution
		HideSolutionNode = FALSE
	EndGlobalSection
	GlobalSection(ExtensibilityGlobals) = postSolution
		SolutionGuid = {91B15C4C-2394-4961-AC23-F221D87F7642}
	EndGlobalSection
EndGlobal
